{
  "version": 4,
  "terraform_version": "1.14.3",
  "serial": 17,
  "lineage": "5f3ccc6b-1948-bb23-80a4-3f4ad846d867",
  "outputs": {},
  "resources": [
    {
      "mode": "managed",
      "type": "aws_iam_policy",
      "name": "terraform_policy",
      "provider": "provider[\"registry.terraform.io/hashicorp/aws\"]",
      "instances": [
        {
          "schema_version": 0,
          "attributes": {
            "arn": "arn:aws:iam::969744962288:policy/terraform-s3-athena-policy",
            "attachment_count": 0,
            "description": "",
            "id": "arn:aws:iam::969744962288:policy/terraform-s3-athena-policy",
            "name": "terraform-s3-athena-policy",
            "name_prefix": "",
            "path": "/",
            "policy": "{\"Statement\":[{\"Action\":[\"s3:PutObject\",\"s3:GetObject\",\"s3:ListBucket\"],\"Effect\":\"Allow\",\"Resource\":[\"arn:aws:s3:::flask-visit-logs-2026\",\"arn:aws:s3:::flask-visit-logs-2026/*\"]},{\"Action\":[\"athena:*\",\"glue:*\"],\"Effect\":\"Allow\",\"Resource\":\"*\"}],\"Version\":\"2012-10-17\"}",
            "policy_id": "ANPA6DSKN2LYC6KTZDAYF",
            "tags": {},
            "tags_all": {}
          },
          "sensitive_attributes": [],
          "identity_schema_version": 0,
          "private": "bnVsbA=="
        }
      ]
    },
    {
      "mode": "managed",
      "type": "aws_iam_role_policy_attachment",
      "name": "attach_policy",
      "provider": "provider[\"registry.terraform.io/hashicorp/aws\"]",
      "instances": [
        {
          "schema_version": 0,
          "attributes": {
            "id": "terraform-ec2-role-20260129090246475000000001",
            "policy_arn": "arn:aws:iam::969744962288:policy/terraform-s3-athena-policy",
            "role": "terraform-ec2-role"
          },
          "sensitive_attributes": [],
          "identity_schema_version": 0,
          "private": "bnVsbA==",
          "dependencies": [
            "aws_iam_policy.terraform_policy",
            "aws_iam_role.terraform_ec2_role"
          ]
        }
      ]
    }
  ],
  "check_results": null
}
